
Microsoft Visual Studio Solution File, Format Version 12.00
# Visual Studio 15
VisualStudioVersion = 15.0.28307.489
MinimumVisualStudioVersion = 10.0.40219.1
Project("{8BC9CEB8-8B4A-11D0-8D11-00A0C91BC942}") = "Server", "Server\Server.vcxproj", "{88AC5A0E-3592-4B8B-B05B-9DF48970A75F}"
EndProject
Global
	GlobalSection(SolutionConfigurationPlatforms) = preSolution
		Debug|x64 = Debug|x64
		Debug|x86 = Debug|x86
		Release|x64 = Release|x64
		Release|x86 = Release|x86
	EndGlobalSection
	GlobalSection(ProjectConfigurationPlatforms) = postSolution
		{88AC5A0E-3592-4B8B-B05B-9DF48970A75F}.Debug|x64.ActiveCfg = Debug|x64
		{88AC5A0E-3592-4B8B-B05B-9DF48970A75F}.Debug|x64.Build.0 = Debug|x64
		{88AC5A0E-3592-4B8B-B05B-9DF48970A75F}.Debug|x86.ActiveCfg = Debug|Win32
		{88AC5A0E-3592-4B8B-B05B-9DF48970A75F}.Debug|x86.Build.0 = Debug|Win32
		{88AC5A0E-3592-4B8B-B05B-9DF48970A75F}.Release|x64.ActiveCfg = Release|x64
		{88AC5A0E-3592-4B8B-B05B-9DF48970A75F}.Release|x64.Build.0 = Release|x64
		{88AC5A0E-3592-4B8B-B05B-9DF48970A75F}.Release|x86.ActiveCfg = Release|Win32
		{88AC5A0E-3592-4B8B-B05B-9DF48970A75F}.Release|x86.Build.0 = Release|Win32
	EndGlobalSection
	GlobalSection(SolutionProperties) = preSolution
		HideSolutionNode = FALSE
	EndGlobalSection
	GlobalSection(ExtensibilityGlobals) = postSolution
		SolutionGuid = {21AFF1F4-1F9C-4F0B-BD6C-3C1E38BEC1C1}
	EndGlobalSection
EndGlobal
